// !$*UTF8*$!
{
	archiveVersion = 1;
	classes = {
	};
	objectVersion = 50;
	objects = {

/* Begin PBXBuildFile section */
		5821F74F25215AE4006FCFF8 /* AppDelegate.swift in Sources */ = {isa = PBXBuildFile; fileRef = 5821F74E25215AE4006FCFF8 /* AppDelegate.swift */; };
		5821F75125215AE4006FCFF8 /* SceneDelegate.swift in Sources */ = {isa = PBXBuildFile; fileRef = 5821F75025215AE4006FCFF8 /* SceneDelegate.swift */; };
		5821F75325215AE4006FCFF8 /* ContentView.swift in Sources */ = {isa = PBXBuildFile; fileRef = 5821F75225215AE4006FCFF8 /* ContentView.swift */; };
		5821F75525215AE6006FCFF8 /* Assets.xcassets in Resources */ = {isa = PBXBuildFile; fileRef = 5821F75425215AE6006FCFF8 /* Assets.xcassets */; };
		5821F75825215AE6006FCFF8 /* Preview Assets.xcassets in Resources */ = {isa = PBXBuildFile; fileRef = 5821F75725215AE6006FCFF8 /* Preview Assets.xcassets */; };
		5821F75B25215AE6006FCFF8 /* LaunchScreen.storyboard in Resources */ = {isa = PBXBuildFile; fileRef = 5821F75925215AE6006FCFF8 /* LaunchScreen.storyboard */; };
		5821F76625215AE6006FCFF8 /* introToSwiftUITests.swift in Sources */ = {isa = PBXBuildFile; fileRef = 5821F76525215AE6006FCFF8 /* introToSwiftUITests.swift */; };
		5821F77125215AE6006FCFF8 /* introToSwiftUIUITests.swift in Sources */ = {isa = PBXBuildFile; fileRef = 5821F77025215AE6006FCFF8 /* introToSwiftUIUITests.swift */; };
		5821F78225216C32006FCFF8 /* CircleImg.swift in Sources */ = {isa = PBXBuildFile; fileRef = 5821F78125216C32006FCFF8 /* CircleImg.swift */; };
		5821F78A25216FAA006FCFF8 /* MapView.swift in Sources */ = {isa = PBXBuildFile; fileRef = 5821F78925216FAA006FCFF8 /* MapView.swift */; };
/* End PBXBuildFile section */

/* Begin PBXContainerItemProxy section */
		5821F76225215AE6006FCFF8 /* PBXContainerItemProxy */ = {
			isa = PBXContainerItemProxy;
			containerPortal = 5821F74325215AE4006FCFF8 /* Project object */;
			proxyType = 1;
			remoteGlobalIDString = 5821F74A25215AE4006FCFF8;
			remoteInfo = introToSwiftUI;
		};
		5821F76D25215AE6006FCFF8 /* PBXContainerItemProxy */ = {
			isa = PBXContainerItemProxy;
			containerPortal = 5821F74325215AE4006FCFF8 /* Project object */;
			proxyType = 1;
			remoteGlobalIDString = 5821F74A25215AE4006FCFF8;
			remoteInfo = introToSwiftUI;
		};
/* End PBXContainerItemProxy section */

/* Begin PBXFileReference section */
		5821F74B25215AE4006FCFF8 /* introToSwiftUI.app */ = {isa = PBXFileReference; explicitFileType = wrapper.application; includeInIndex = 0; path = introToSwiftUI.app; sourceTree = BUILT_PRODUCTS_DIR; };
		5821F74E25215AE4006FCFF8 /* AppDelegate.swift */ = {isa = PBXFileReference; lastKnownFileType = sourcecode.swift; path = AppDelegate.swift; sourceTree = "<group>"; };
		5821F75025215AE4006FCFF8 /* SceneDelegate.swift */ = {isa = PBXFileReference; lastKnownFileType = sourcecode.swift; path = SceneDelegate.swift; sourceTree = "<group>"; };
		5821F75225215AE4006FCFF8 /* ContentView.swift */ = {isa = PBXFileReference; lastKnownFileType = sourcecode.swift; path = ContentView.swift; sourceTree = "<group>"; };
		5821F75425215AE6006FCFF8 /* Assets.xcassets */ = {isa = PBXFileReference; lastKnownFileType = folder.assetcatalog; path = Assets.xcassets; sourceTree = "<group>"; };
		5821F75725215AE6006FCFF8 /* Preview Assets.xcassets */ = {isa = PBXFileReference; lastKnownFileType = folder.assetcatalog; path = "Preview Assets.xcassets"; sourceTree = "<group>"; };
		5821F75A25215AE6006FCFF8 /* Base */ = {isa = PBXFileReference; lastKnownFileType = file.storyboard; name = Base; path = Base.lproj/LaunchScreen.storyboard; sourceTree = "<group>"; };
		5821F75C25215AE6006FCFF8 /* Info.plist */ = {isa = PBXFileReference; lastKnownFileType = text.plist.xml; path = Info.plist; sourceTree = "<group>"; };
		5821F76125215AE6006FCFF8 /* introToSwiftUITests.xctest */ = {isa = PBXFileReference; explicitFileType = wrapper.cfbundle; includeInIndex = 0; path = introToSwiftUITests.xctest; sourceTree = BUILT_PRODUCTS_DIR; };
		5821F76525215AE6006FCFF8 /* introToSwiftUITests.swift */ = {isa = PBXFileReference; lastKnownFileType = sourcecode.swift; path = introToSwiftUITests.swift; sourceTree = "<group>"; };
		5821F76725215AE6006FCFF8 /* Info.plist */ = {isa = PBXFileReference; lastKnownFileType = text.plist.xml; path = Info.plist; sourceTree = "<group>"; };
		5821F76C25215AE6006FCFF8 /* introToSwiftUIUITests.xctest */ = {isa = PBXFileReference; explicitFileType = wrapper.cfbundle; includeInIndex = 0; path = introToSwiftUIUITests.xctest; sourceTree = BUILT_PRODUCTS_DIR; };
		5821F77025215AE6006FCFF8 /* introToSwiftUIUITests.swift */ = {isa = PBXFileReference; lastKnownFileType = sourcecode.swift; path = introToSwiftUIUITests.swift; sourceTree = "<group>"; };
		5821F77225215AE6006FCFF8 /* Info.plist */ = {isa = PBXFileReference; lastKnownFileType = text.plist.xml; path = Info.plist; sourceTree = "<group>"; };
		5821F78125216C32006FCFF8 /* CircleImg.swift */ = {isa = PBXFileReference; lastKnownFileType = sourcecode.swift; path = CircleImg.swift; sourceTree = "<group>"; };
		5821F78925216FAA006FCFF8 /* MapView.swift */ = {isa = PBXFileReference; lastKnownFileType = sourcecode.swift; path = MapView.swift; sourceTree = "<group>"; };
/* End PBXFileReference section */

/* Begin PBXFrameworksBuildPhase section */
		5821F74825215AE4006FCFF8 /* Frameworks */ = {
			isa = PBXFrameworksBuildPhase;
			buildActionMask = 2147483647;
			files = (
			);
			runOnlyForDeploymentPostprocessing = 0;
		};
		5821F75E25215AE6006FCFF8 /* Frameworks */ = {
			isa = PBXFrameworksBuildPhase;
			buildActionMask = 2147483647;
			files = (
			);
			runOnlyForDeploymentPostprocessing = 0;
		};
		5821F76925215AE6006FCFF8 /* Frameworks */ = {
			isa = PBXFrameworksBuildPhase;
			buildActionMask = 2147483647;
			files = (
			);
			runOnlyForDeploymentPostprocessing = 0;
		};
/* End PBXFrameworksBuildPhase section */

/* Begin PBXGroup section */
		5821F74225215AE4006FCFF8 = {
			isa = PBXGroup;
			children = (
				5821F74D25215AE4006FCFF8 /* introToSwiftUI */,
				5821F76425215AE6006FCFF8 /* introToSwiftUITests */,
				5821F76F25215AE6006FCFF8 /* introToSwiftUIUITests */,
				5821F74C25215AE4006FCFF8 /* Products */,
			);
			sourceTree = "<group>";
		};
		5821F74C25215AE4006FCFF8 /* Products */ = {
			isa = PBXGroup;
			children = (
				5821F74B25215AE4006FCFF8 /* introToSwiftUI.app */,
				5821F76125215AE6006FCFF8 /* introToSwiftUITests.xctest */,
				5821F76C25215AE6006FCFF8 /* introToSwiftUIUITests.xctest */,
			);
			name = Products;
			sourceTree = "<group>";
		};
		5821F74D25215AE4006FCFF8 /* introToSwiftUI */ = {
			isa = PBXGroup;
			children = (
				5821F74E25215AE4006FCFF8 /* AppDelegate.swift */,
				5821F75025215AE4006FCFF8 /* SceneDelegate.swift */,
				5821F75225215AE4006FCFF8 /* ContentView.swift */,
				5821F78125216C32006FCFF8 /* CircleImg.swift */,
				5821F78925216FAA006FCFF8 /* MapView.swift */,
				5821F75425215AE6006FCFF8 /* Assets.xcassets */,
				5821F75925215AE6006FCFF8 /* LaunchScreen.storyboard */,
				5821F75C25215AE6006FCFF8 /* Info.plist */,
				5821F75625215AE6006FCFF8 /* Preview Content */,
			);
			path = introToSwiftUI;
			sourceTree = "<group>";
		};
		5821F75625215AE6006FCFF8 /* Preview Content */ = {
			isa = PBXGroup;
			children = (
				5821F75725215AE6006FCFF8 /* Preview Assets.xcassets */,
			);
			path = "Preview Content";
			sourceTree = "<group>";
		};
		5821F76425215AE6006FCFF8 /* introToSwiftUITests */ = {
			isa = PBXGroup;
			children = (
				5821F76525215AE6006FCFF8 /* introToSwiftUITests.swift */,
				5821F76725215AE6006FCFF8 /* Info.plist */,
			);
			path = introToSwiftUITests;
			sourceTree = "<group>";
		};
		5821F76F25215AE6006FCFF8 /* introToSwiftUIUITests */ = {
			isa = PBXGroup;
			children = (
				5821F77025215AE6006FCFF8 /* introToSwiftUIUITests.swift */,
				5821F77225215AE6006FCFF8 /* Info.plist */,
			);
			path = introToSwiftUIUITests;
			sourceTree = "<group>";
		};
/* End PBXGroup section */

/* Begin PBXNativeTarget section */
		5821F74A25215AE4006FCFF8 /* introToSwiftUI */ = {
			isa = PBXNativeTarget;
			buildConfigurationList = 5821F77525215AE6006FCFF8 /* Build configuration list for PBXNativeTarget "introToSwiftUI" */;
			buildPhases = (
				5821F74725215AE4006FCFF8 /* Sources */,
				5821F74825215AE4006FCFF8 /* Frameworks */,
				5821F74925215AE4006FCFF8 /* Resources */,
			);
			buildRules = (
			);
			dependencies = (
			);
			name = introToSwiftUI;
			productName = introToSwiftUI;
			productReference = 5821F74B25215AE4006FCFF8 /* introToSwiftUI.app */;
			productType = "com.apple.product-type.application";
		};
		5821F76025215AE6006FCFF8 /* introToSwiftUITests */ = {
			isa = PBXNativeTarget;
			buildConfigurationList = 5821F77825215AE6006FCFF8 /* Build configuration list for PBXNativeTarget "introToSwiftUITests" */;
			buildPhases = (
				5821F75D25215AE6006FCFF8 /* Sources */,
				5821F75E25215AE6006FCFF8 /* Frameworks */,
				5821F75F25215AE6006FCFF8 /* Resources */,
			);
			buildRules = (
			);
			dependencies = (
				5821F76325215AE6006FCFF8 /* PBXTargetDependency */,
			);
			name = introToSwiftUITests;
			productName = introToSwiftUITests;
			productReference = 5821F76125215AE6006FCFF8 /* introToSwiftUITests.xctest */;
			productType = "com.apple.product-type.bundle.unit-test";
		};
		5821F76B25215AE6006FCFF8 /* introToSwiftUIUITests */ = {
			isa = PBXNativeTarget;
			buildConfigurationList = 5821F77B25215AE6006FCFF8 /* Build configuration list for PBXNativeTarget "introToSwiftUIUITests" */;
			buildPhases = (
				5821F76825215AE6006FCFF8 /* Sources */,
				5821F76925215AE6006FCFF8 /* Frameworks */,
				5821F76A25215AE6006FCFF8 /* Resources */,
			);
			buildRules = (
			);
			dependencies = (
				5821F76E25215AE6006FCFF8 /* PBXTargetDependency */,
			);
			name = introToSwiftUIUITests;
			productName = introToSwiftUIUITests;
			productReference = 5821F76C25215AE6006FCFF8 /* introToSwiftUIUITests.xctest */;
			productType = "com.apple.product-type.bundle.ui-testing";
		};
/* End PBXNativeTarget section */

/* Begin PBXProject section */
		5821F74325215AE4006FCFF8 /* Project object */ = {
			isa = PBXProject;
			attributes = {
				LastSwiftUpdateCheck = 1200;
				LastUpgradeCheck = 1200;
				TargetAttributes = {
					5821F74A25215AE4006FCFF8 = {
						CreatedOnToolsVersion = 12.0;
					};
					5821F76025215AE6006FCFF8 = {
						CreatedOnToolsVersion = 12.0;
						TestTargetID = 5821F74A25215AE4006FCFF8;
					};
					5821F76B25215AE6006FCFF8 = {
						CreatedOnToolsVersion = 12.0;
						TestTargetID = 5821F74A25215AE4006FCFF8;
					};
				};
			};
			buildConfigurationList = 5821F74625215AE4006FCFF8 /* Build configuration list for PBXProject "introToSwiftUI" */;
			compatibilityVersion = "Xcode 9.3";
			developmentRegion = en;
			hasScannedForEncodings = 0;
			knownRegions = (
				en,
				Base,
			);
			mainGroup = 5821F74225215AE4006FCFF8;
			productRefGroup = 5821F74C25215AE4006FCFF8 /* Products */;
			projectDirPath = "";
			projectRoot = "";
			targets = (
				5821F74A25215AE4006FCFF8 /* introToSwiftUI */,
				5821F76025215AE6006FCFF8 /* introToSwiftUITests */,
				5821F76B25215AE6006FCFF8 /* introToSwiftUIUITests */,
			);
		};
/* End PBXProject section */

/* Begin PBXResourcesBuildPhase section */
		5821F74925215AE4006FCFF8 /* Resources */ = {
			isa = PBXResourcesBuildPhase;
			buildActionMask = 2147483647;
			files = (
				5821F75B25215AE6006FCFF8 /* LaunchScreen.storyboard in Resources */,
				5821F75825215AE6006FCFF8 /* Preview Assets.xcassets in Resources */,
				5821F75525215AE6006FCFF8 /* Assets.xcassets in Resources */,
			);
			runOnlyForDeploymentPostprocessing = 0;
		};
		5821F75F25215AE6006FCFF8 /* Resources */ = {
			isa = PBXResourcesBuildPhase;
			buildActionMask = 2147483647;
			files = (
			);
			runOnlyForDeploymentPostprocessing = 0;
		};
		5821F76A25215AE6006FCFF8 /* Resources */ = {
			isa = PBXResourcesBuildPhase;
			buildActionMask = 2147483647;
			files = (
			);
			runOnlyForDeploymentPostprocessing = 0;
		};
/* End PBXResourcesBuildPhase section */

/* Begin PBXSourcesBuildPhase section */
		5821F74725215AE4006FCFF8 /* Sources */ = {
			isa = PBXSourcesBuildPhase;
			buildActionMask = 2147483647;
			files = (
				5821F74F25215AE4006FCFF8 /* AppDelegate.swift in Sources */,
				5821F78225216C32006FCFF8 /* CircleImg.swift in Sources */,
				5821F78A25216FAA006FCFF8 /* MapView.swift in Sources */,
				5821F75125215AE4006FCFF8 /* SceneDelegate.swift in Sources */,
				5821F75325215AE4006FCFF8 /* ContentView.swift in Sources */,
			);
			runOnlyForDeploymentPostprocessing = 0;
		};
		5821F75D25215AE6006FCFF8 /* Sources */ = {
			isa = PBXSourcesBuildPhase;
			buildActionMask = 2147483647;
			files = (
				5821F76625215AE6006FCFF8 /* introToSwiftUITests.swift in Sources */,
			);
			runOnlyForDeploymentPostprocessing = 0;
		};
		5821F76825215AE6006FCFF8 /* Sources */ = {
			isa = PBXSourcesBuildPhase;
			buildActionMask = 2147483647;
			files = (
				5821F77125215AE6006FCFF8 /* introToSwiftUIUITests.swift in Sources */,
			);
			runOnlyForDeploymentPostprocessing = 0;
		};
/* End PBXSourcesBuildPhase section */

/* Begin PBXTargetDependency section */
		5821F76325215AE6006FCFF8 /* PBXTargetDependency */ = {
			isa = PBXTargetDependency;
			target = 5821F74A25215AE4006FCFF8 /* introToSwiftUI */;
			targetProxy = 5821F76225215AE6006FCFF8 /* PBXContainerItemProxy */;
		};
		5821F76E25215AE6006FCFF8 /* PBXTargetDependency */ = {
			isa = PBXTargetDependency;
			target = 5821F74A25215AE4006FCFF8 /* introToSwiftUI */;
			targetProxy = 5821F76D25215AE6006FCFF8 /* PBXContainerItemProxy */;
		};
/* End PBXTargetDependency section */

/* Begin PBXVariantGroup section */
		5821F75925215AE6006FCFF8 /* LaunchScreen.storyboard */ = {
			isa = PBXVariantGroup;
			children = (
				5821F75A25215AE6006FCFF8 /* Base */,
			);
			name = LaunchScreen.storyboard;
			sourceTree = "<group>";
		};
/* End PBXVariantGroup section */

/* Begin XCBuildConfiguration section */
		5821F77325215AE6006FCFF8 /* Debug */ = {
			isa = XCBuildConfiguration;
			buildSettings = {
				ALWAYS_SEARCH_USER_PATHS = NO;
				CLANG_ANALYZER_NONNULL = YES;
				CLANG_ANALYZER_NUMBER_OBJECT_CONVERSION = YES_AGGRESSIVE;
				CLANG_CXX_LANGUAGE_STANDARD = "gnu++14";
				CLANG_CXX_LIBRARY = "libc++";
				CLANG_ENABLE_MODULES = YES;
				CLANG_ENABLE_OBJC_ARC = YES;
				CLANG_ENABLE_OBJC_WEAK = YES;
				CLANG_WARN_BLOCK_CAPTURE_AUTORELEASING = YES;
				CLANG_WARN_BOOL_CONVERSION = YES;
				CLANG_WARN_COMMA = YES;
				CLANG_WARN_CONSTANT_CONVERSION = YES;
				CLANG_WARN_DEPRECATED_OBJC_IMPLEMENTATIONS = YES;
				CLANG_WARN_DIRECT_OBJC_ISA_USAGE = YES_ERROR;
				CLANG_WARN_DOCUMENTATION_COMMENTS = YES;
				CLANG_WARN_EMPTY_BODY = YES;
				CLANG_WARN_ENUM_CONVERSION = YES;
				CLANG_WARN_INFINITE_RECURSION = YES;
				CLANG_WARN_INT_CONVERSION = YES;
				CLANG_WARN_NON_LITERAL_NULL_CONVERSION = YES;
				CLANG_WARN_OBJC_IMPLICIT_RETAIN_SELF = YES;
				CLANG_WARN_OBJC_LITERAL_CONVERSION = YES;
				CLANG_WARN_OBJC_ROOT_CLASS = YES_ERROR;
				CLANG_WARN_QUOTED_INCLUDE_IN_FRAMEWORK_HEADER = YES;
				CLANG_WARN_RANGE_LOOP_ANALYSIS = YES;
				CLANG_WARN_STRICT_PROTOTYPES = YES;
				CLANG_WARN_SUSPICIOUS_MOVE = YES;
				CLANG_WARN_UNGUARDED_AVAILABILITY = YES_AGGRESSIVE;
				CLANG_WARN_UNREACHABLE_CODE = YES;
				CLANG_WARN__DUPLICATE_METHOD_MATCH = YES;
				COPY_PHASE_STRIP = NO;
				DEBUG_INFORMATION_FORMAT = dwarf;
				ENABLE_STRICT_OBJC_MSGSEND = YES;
				ENABLE_TESTABILITY = YES;
				GCC_C_LANGUAGE_STANDARD = gnu11;
				GCC_DYNAMIC_NO_PIC = NO;
				GCC_NO_COMMON_BLOCKS = YES;
				GCC_OPTIMIZATION_LEVEL = 0;
				GCC_PREPROCESSOR_DEFINITIONS = (
					"DEBUG=1",
					"$(inherited)",
				);
				GCC_WARN_64_TO_32_BIT_CONVERSION = YES;
				GCC_WARN_ABOUT_RETURN_TYPE = YES_ERROR;
				GCC_WARN_UNDECLARED_SELECTOR = YES;
				GCC_WARN_UNINITIALIZED_AUTOS = YES_AGGRESSIVE;
				GCC_WARN_UNUSED_FUNCTION = YES;
				GCC_WARN_UNUSED_VARIABLE = YES;
				IPHONEOS_DEPLOYMENT_TARGET = 14.0;
				MTL_ENABLE_DEBUG_INFO = INCLUDE_SOURCE;
				MTL_FAST_MATH = YES;
				ONLY_ACTIVE_ARCH = YES;
				SDKROOT = iphoneos;
				SWIFT_ACTIVE_COMPILATION_CONDITIONS = DEBUG;
				SWIFT_OPTIMIZATION_LEVEL = "-Onone";
			};
			name = Debug;
		};
		5821F77425215AE6006FCFF8 /* Release */ = {
			isa = XCBuildConfiguration;
			buildSettings = {
				ALWAYS_SEARCH_USER_PATHS = NO;
				CLANG_ANALYZER_NONNULL = YES;
				CLANG_ANALYZER_NUMBER_OBJECT_CONVERSION = YES_AGGRESSIVE;
				CLANG_CXX_LANGUAGE_STANDARD = "gnu++14";
				CLANG_CXX_LIBRARY = "libc++";
				CLANG_ENABLE_MODULES = YES;
				CLANG_ENABLE_OBJC_ARC = YES;
				CLANG_ENABLE_OBJC_WEAK = YES;
				CLANG_WARN_BLOCK_CAPTURE_AUTORELEASING = YES;
				CLANG_WARN_BOOL_CONVERSION = YES;
				CLANG_WARN_COMMA = YES;
				CLANG_WARN_CONSTANT_CONVERSION = YES;
				CLANG_WARN_DEPRECATED_OBJC_IMPLEMENTATIONS = YES;
				CLANG_WARN_DIRECT_OBJC_ISA_USAGE = YES_ERROR;
				CLANG_WARN_DOCUMENTATION_COMMENTS = YES;
				CLANG_WARN_EMPTY_BODY = YES;
				CLANG_WARN_ENUM_CONVERSION = YES;
				CLANG_WARN_INFINITE_RECURSION = YES;
				CLANG_WARN_INT_CONVERSION = YES;
				CLANG_WARN_NON_LITERAL_NULL_CONVERSION = YES;
				CLANG_WARN_OBJC_IMPLICIT_RETAIN_SELF = YES;
				CLANG_WARN_OBJC_LITERAL_CONVERSION = YES;
				CLANG_WARN_OBJC_ROOT_CLASS = YES_ERROR;
				CLANG_WARN_QUOTED_INCLUDE_IN_FRAMEWORK_HEADER = YES;
				CLANG_WARN_RANGE_LOOP_ANALYSIS = YES;
				CLANG_WARN_STRICT_PROTOTYPES = YES;
				CLANG_WARN_SUSPICIOUS_MOVE = YES;
				CLANG_WARN_UNGUARDED_AVAILABILITY = YES_AGGRESSIVE;
				CLANG_WARN_UNREACHABLE_CODE = YES;
				CLANG_WARN__DUPLICATE_METHOD_MATCH = YES;
				COPY_PHASE_STRIP = NO;
				DEBUG_INFORMATION_FORMAT = "dwarf-with-dsym";
				ENABLE_NS_ASSERTIONS = NO;
				ENABLE_STRICT_OBJC_MSGSEND = YES;
				GCC_C_LANGUAGE_STANDARD = gnu11;
				GCC_NO_COMMON_BLOCKS = YES;
				GCC_WARN_64_TO_32_BIT_CONVERSION = YES;
				GCC_WARN_ABOUT_RETURN_TYPE = YES_ERROR;
				GCC_WARN_UNDECLARED_SELECTOR = YES;
				GCC_WARN_UNINITIALIZED_AUTOS = YES_AGGRESSIVE;
				GCC_WARN_UNUSED_FUNCTION = YES;
				GCC_WARN_UNUSED_VARIABLE = YES;
				IPHONEOS_DEPLOYMENT_TARGET = 14.0;
				MTL_ENABLE_DEBUG_INFO = NO;
				MTL_FAST_MATH = YES;
				SDKROOT = iphoneos;
				SWIFT_COMPILATION_MODE = wholemodule;
				SWIFT_OPTIMIZATION_LEVEL = "-O";
				VALIDATE_PRODUCT = YES;
			};
			name = Release;
		};
		5821F77625215AE6006FCFF8 /* Debug */ = {
			isa = XCBuildConfiguration;
			buildSettings = {
				ASSETCATALOG_COMPILER_APPICON_NAME = AppIcon;
				ASSETCATALOG_COMPILER_GLOBAL_ACCENT_COLOR_NAME = AccentColor;
				CODE_SIGN_STYLE = Automatic;
				DEVELOPMENT_ASSET_PATHS = "\"introToSwiftUI/Preview Content\"";
				ENABLE_PREVIEWS = YES;
				INFOPLIST_FILE = introToSwiftUI/Info.plist;
				LD_RUNPATH_SEARCH_PATHS = (
					"$(inherited)",
					"@executable_path/Frameworks",
				);
				PRODUCT_BUNDLE_IDENTIFIER = com.shiv.introToSwiftUI;
				PRODUCT_NAME = "$(TARGET_NAME)";
				SWIFT_VERSION = 5.0;
				TARGETED_DEVICE_FAMILY = "1,2";
			};
			name = Debug;
		};
		5821F77725215AE6006FCFF8 /* Release */ = {
			isa = XCBuildConfiguration;
			buildSettings = {
				ASSETCATALOG_COMPILER_APPICON_NAME = AppIcon;
				ASSETCATALOG_COMPILER_GLOBAL_ACCENT_COLOR_NAME = AccentColor;
				CODE_SIGN_STYLE = Automatic;
				DEVELOPMENT_ASSET_PATHS = "\"introToSwiftUI/Preview Content\"";
				ENABLE_PREVIEWS = YES;
				INFOPLIST_FILE = introToSwiftUI/Info.plist;
				LD_RUNPATH_SEARCH_PATHS = (
					"$(inherited)",
					"@executable_path/Frameworks",
				);
				PRODUCT_BUNDLE_IDENTIFIER = com.shiv.introToSwiftUI;
				PRODUCT_NAME = "$(TARGET_NAME)";
				SWIFT_VERSION = 5.0;
				TARGETED_DEVICE_FAMILY = "1,2";
			};
			name = Release;
		};
		5821F77925215AE6006FCFF8 /* Debug */ = {
			isa = XCBuildConfiguration;
			buildSettings = {
				ALWAYS_EMBED_SWIFT_STANDARD_LIBRARIES = YES;
				BUNDLE_LOADER = "$(TEST_HOST)";
				CODE_SIGN_STYLE = Automatic;
				INFOPLIST_FILE = introToSwiftUITests/Info.plist;
				IPHONEOS_DEPLOYMENT_TARGET = 14.0;
				LD_RUNPATH_SEARCH_PATHS = (
					"$(inherited)",
					"@executable_path/Frameworks",
					"@loader_path/Frameworks",
				);
				PRODUCT_BUNDLE_IDENTIFIER = com.shiv.introToSwiftUITests;
				PRODUCT_NAME = "$(TARGET_NAME)";
				SWIFT_VERSION = 5.0;
				TARGETED_DEVICE_FAMILY = "1,2";
				TEST_HOST = "$(BUILT_PRODUCTS_DIR)/introToSwiftUI.app/introToSwiftUI";
			};
			name = Debug;
		};
		5821F77A25215AE6006FCFF8 /* Release */ = {
			isa = XCBuildConfiguration;
			buildSettings = {
				ALWAYS_EMBED_SWIFT_STANDARD_LIBRARIES = YES;
				BUNDLE_LOADER = "$(TEST_HOST)";
				CODE_SIGN_STYLE = Automatic;
				INFOPLIST_FILE = introToSwiftUITests/Info.plist;
				IPHONEOS_DEPLOYMENT_TARGET = 14.0;
				LD_RUNPATH_SEARCH_PATHS = (
					"$(inherited)",
					"@executable_path/Frameworks",
					"@loader_path/Frameworks",
				);
				PRODUCT_BUNDLE_IDENTIFIER = com.shiv.introToSwiftUITests;
				PRODUCT_NAME = "$(TARGET_NAME)";
				SWIFT_VERSION = 5.0;
				TARGETED_DEVICE_FAMILY = "1,2";
				TEST_HOST = "$(BUILT_PRODUCTS_DIR)/introToSwiftUI.app/introToSwiftUI";
			};
			name = Release;
		};
		5821F77C25215AE6006FCFF8 /* Debug */ = {
			isa = XCBuildConfiguration;
			buildSettings = {
				ALWAYS_EMBED_SWIFT_STANDARD_LIBRARIES = YES;
				CODE_SIGN_STYLE = Automatic;
				INFOPLIST_FILE = introToSwiftUIUITests/Info.plist;
				LD_RUNPATH_SEARCH_PATHS = (
					"$(inherited)",
					"@executable_path/Frameworks",
					"@loader_path/Frameworks",
				);
				PRODUCT_BUNDLE_IDENTIFIER = com.shiv.introToSwiftUIUITests;
				PRODUCT_NAME = "$(TARGET_NAME)";
				SWIFT_VERSION = 5.0;
				TARGETED_DEVICE_FAMILY = "1,2";
				TEST_TARGET_NAME = introToSwiftUI;
			};
			name = Debug;
		};
		5821F77D25215AE6006FCFF8 /* Release */ = {
			isa = XCBuildConfiguration;
			buildSettings = {
				ALWAYS_EMBED_SWIFT_STANDARD_LIBRARIES = YES;
				CODE_SIGN_STYLE = Automatic;
				INFOPLIST_FILE = introToSwiftUIUITests/Info.plist;
				LD_RUNPATH_SEARCH_PATHS = (
					"$(inherited)",
					"@executable_path/Frameworks",
					"@loader_path/Frameworks",
				);
				PRODUCT_BUNDLE_IDENTIFIER = com.shiv.introToSwiftUIUITests;
				PRODUCT_NAME = "$(TARGET_NAME)";
				SWIFT_VERSION = 5.0;
				TARGETED_DEVICE_FAMILY = "1,2";
				TEST_TARGET_NAME = introToSwiftUI;
			};
			name = Release;
		};
/* End XCBuildConfiguration section */

/* Begin XCConfigurationList section */
		5821F74625215AE4006FCFF8 /* Build configuration list for PBXProject "introToSwiftUI" */ = {
			isa = XCConfigurationList;
			buildConfigurations = (
				5821F77325215AE6006FCFF8 /* Debug */,
				5821F77425215AE6006FCFF8 /* Release */,
			);
			defaultConfigurationIsVisible = 0;
			defaultConfigurationName = Release;
		};
		5821F77525215AE6006FCFF8 /* Build configuration list for PBXNativeTarget "introToSwiftUI" */ = {
			isa = XCConfigurationList;
			buildConfigurations = (
				5821F77625215AE6006FCFF8 /* Debug */,
				5821F77725215AE6006FCFF8 /* Release */,
			);
			defaultConfigurationIsVisible = 0;
			defaultConfigurationName = Release;
		};
		5821F77825215AE6006FCFF8 /* Build configuration list for PBXNativeTarget "introToSwiftUITests" */ = {
			isa = XCConfigurationList;
			buildConfigurations = (
				5821F77925215AE6006FCFF8 /* Debug */,
				5821F77A25215AE6006FCFF8 /* Release */,
			);
			defaultConfigurationIsVisible = 0;
			defaultConfigurationName = Release;
		};
		5821F77B25215AE6006FCFF8 /* Build configuration list for PBXNativeTarget "introToSwiftUIUITests" */ = {
			isa = XCConfigurationList;
			buildConfigurations = (
				5821F77C25215AE6006FCFF8 /* Debug */,
				5821F77D25215AE6006FCFF8 /* Release */,
			);
			defaultConfigurationIsVisible = 0;
			defaultConfigurationName = Release;
		};
/* End XCConfigurationList section */
	};
	rootObject = 5821F74325215AE4006FCFF8 /* Project object */;
}
